PODS:
  - Alamofire (4.5.1)
  - PKHUD (5.0.0)

DEPENDENCIES:
  - Alamofire (~> 4.5.0)
  - PKHUD (~> 5.0)

SPEC CHECKSUMS:
  Alamofire: 2d95912bf4c34f164fdfc335872e8c312acaea4a
  PKHUD: 3c001512c6e002091184197a8de7a20420786e3b

PODFILE CHECKSUM: 0d2a5984f1ace420e49f7dfece97eb77a96c9d5e

COCOAPODS: 1.1.1
